<?xml version="1.0" encoding="utf-8"?>
<Project ToolsVersion="4.0" xmlns="http://schemas.microsoft.com/developer/msbuild/2003">
  <ItemGroup>
    <Filter Include="Source Files">
      <UniqueIdentifier>{4FC737F1-C7A5-4376-A066-2A32D752A2FF}</UniqueIdentifier>
      <Extensions>cpp;c;cc;cxx;c++;cppm;ixx;def;odl;idl;hpj;bat;asm;asmx</Extensions>
    </Filter>
    <Filter Include="Header Files">
      <UniqueIdentifier>{93995380-89BD-4b04-88EB-625FBE52EBFB}</UniqueIdentifier>
      <Extensions>h;hh;hpp;hxx;h++;hm;inl;inc;ipp;xsd</Extensions>
    </Filter>
    <Filter Include="Resource Files">
      <UniqueIdentifier>{67DA6AB6-F800-4c08-8B7A-83BB121AAD01}</UniqueIdentifier>
      <Extensions>rc;ico;cur;bmp;dlg;rc2;rct;bin;rgs;gif;jpg;jpeg;jpe;resx;tiff;tif;png;wav;mfcribbon-ms</Extensions>
    </Filter>
    <Filter Include="Header Files\Data Structure Cls">
      <UniqueIdentifier>{f5c69725-7b8c-4e3c-a685-1c9cb79dc84d}</UniqueIdentifier>
    </Filter>
  </ItemGroup>
  <ItemGroup>
    <ClCompile Include="DS Progect.cpp">
      <Filter>Source Files</Filter>
    </ClCompile>
  </ItemGroup>
  <ItemGroup>
    <ClInclude Include="clsDbLinkedList.h">
      <Filter>Header Files\Data Structure Cls</Filter>
    </ClInclude>
    <ClInclude Include="clsMyQueue.h">
      <Filter>Header Files\Data Structure Cls</Filter>
    </ClInclude>
    <ClInclude Include="clsMyStack.h">
      <Filter>Header Files\Data Structure Cls</Filter>
    </ClInclude>
    <ClInclude Include="clsDynamicArray.h">
      <Filter>Header Files</Filter>
    </ClInclude>
    <ClInclude Include="resource.h">
      <Filter>Header Files</Filter>
    </ClInclude>
    <ClInclude Include="clsColour.h">
      <Filter>Header Files</Filter>
    </ClInclude>
    <ClInclude Include="clsMyQueueArr.h">
      <Filter>Header Files</Filter>
    </ClInclude>
    <ClInclude Include="clsMyStackArr.h">
      <Filter>Header Files</Filter>
    </ClInclude>
    <ClInclude Include="clsMyString.h">
      <Filter>Header Files</Filter>
    </ClInclude>
    <ClInclude Include="clsQueueLine.h">
      <Filter>Header Files</Filter>
    </ClInclude>
    <ClInclude Include="clsDate.h">
      <Filter>Header Files</Filter>
    </ClInclude>
    <ClInclude Include="clsString.h">
      <Filter>Header Files</Filter>
    </ClInclude>
    <ClInclude Include="cls_MainMenuScreen.h">
      <Filter>Header Files</Filter>
    </ClInclude>
    <ClInclude Include="clsInputValidate.h">
      <Filter>Header Files</Filter>
    </ClInclude>
    <ClInclude Include="cls_SLLScreen.h">
      <Filter>Header Files</Filter>
    </ClInclude>
    <ClInclude Include="cls_DLLScreen.h">
      <Filter>Header Files</Filter>
    </ClInclude>
    <ClInclude Include="cls_StackScreen.h">
      <Filter>Header Files</Filter>
    </ClInclude>
    <ClInclude Include="cls_QueueScreen.h">
      <Filter>Header Files</Filter>
    </ClInclude>
    <ClInclude Include="cls_TreeScreen.h">
      <Filter>Header Files</Filter>
    </ClInclude>
    <ClInclude Include="cls_ArrayScreen.h">
      <Filter>Header Files</Filter>
    </ClInclude>
  </ItemGroup>
</Project>